codeberg.org/msantos/execve v0.0.0-20221124114355-221580a35669 h1:QcN1qDJCxxj+N1Uu8LYRhqBNIUFc5PCMrGK2VYwMJ7Q=
codeberg.org/msantos/execve v0.0.0-20221124114355-221580a35669/go.mod h1:mvAmIdjLHiBlHQXtcPhQycOi0QuCAbw8dxOXxk0gYaE=
golang.org/x/sys v0.2.0 h1:ljd4t30dBnAvMZaQCevtY0xLLD0A+bRZXbgLMLU1F/A=
golang.org/x/sys v0.2.0/go.mod h1:oPkhp1MJrh7nUepCBck5+mAzfO9JrbApNNgaTdGDITg=
